// !$*UTF8*$!
{
	archiveVersion = 1;
	classes = {
	};
	objectVersion = 56;
	objects = {

/* Begin PBXBuildFile section */
		8B359F332B7B735000FDB70E /* FaceListApp.swift in Sources */ = {isa = PBXBuildFile; fileRef = 8B359F322B7B735000FDB70E /* FaceListApp.swift */; };
		8B359F352B7B735000FDB70E /* ContentView.swift in Sources */ = {isa = PBXBuildFile; fileRef = 8B359F342B7B735000FDB70E /* ContentView.swift */; };
		8B359F372B7B735100FDB70E /* Assets.xcassets in Resources */ = {isa = PBXBuildFile; fileRef = 8B359F362B7B735100FDB70E /* Assets.xcassets */; };
		8B359F3A2B7B735100FDB70E /* Preview Assets.xcassets in Resources */ = {isa = PBXBuildFile; fileRef = 8B359F392B7B735100FDB70E /* Preview Assets.xcassets */; };
		8B359F422B7B73C200FDB70E /* FaceList.swift in Sources */ = {isa = PBXBuildFile; fileRef = 8B359F412B7B73C200FDB70E /* FaceList.swift */; };
		8B359F452B7B73F600FDB70E /* Face.swift in Sources */ = {isa = PBXBuildFile; fileRef = 8B359F442B7B73F600FDB70E /* Face.swift */; };
		8B70BD662B7BB22400B14C2D /* FaceList.ViewModel.swift in Sources */ = {isa = PBXBuildFile; fileRef = 8B70BD652B7BB22400B14C2D /* FaceList.ViewModel.swift */; };
		8B70BD692B7BB80700B14C2D /* ListRow.swift in Sources */ = {isa = PBXBuildFile; fileRef = 8B70BD682B7BB80700B14C2D /* ListRow.swift */; };
		8B70BD6B2B7BB87000B14C2D /* Avatar.swift in Sources */ = {isa = PBXBuildFile; fileRef = 8B70BD6A2B7BB87000B14C2D /* Avatar.swift */; };
		8BAB28F82B7D1C750033D7D2 /* FaceDetails.swift in Sources */ = {isa = PBXBuildFile; fileRef = 8BAB28F72B7D1C750033D7D2 /* FaceDetails.swift */; };
		8BAB28FB2B7D1DAE0033D7D2 /* ColorKit in Frameworks */ = {isa = PBXBuildFile; productRef = 8BAB28FA2B7D1DAE0033D7D2 /* ColorKit */; };
		8BAB28FD2B7D1E1B0033D7D2 /* AnimatedBackground.swift in Sources */ = {isa = PBXBuildFile; fileRef = 8BAB28FC2B7D1E1B0033D7D2 /* AnimatedBackground.swift */; };
		8BAB28FF2B7D1E570033D7D2 /* WithAnimatedBackground.swift in Sources */ = {isa = PBXBuildFile; fileRef = 8BAB28FE2B7D1E570033D7D2 /* WithAnimatedBackground.swift */; };
		8BAB29022B7D207B0033D7D2 /* withAnimatedBackground.swift in Sources */ = {isa = PBXBuildFile; fileRef = 8BAB29012B7D207B0033D7D2 /* withAnimatedBackground.swift */; };
		8BAB29042B7D2F890033D7D2 /* DetailsRow.swift in Sources */ = {isa = PBXBuildFile; fileRef = 8BAB29032B7D2F890033D7D2 /* DetailsRow.swift */; };
/* End PBXBuildFile section */

/* Begin PBXFileReference section */
		8B359F2F2B7B735000FDB70E /* FaceList.app */ = {isa = PBXFileReference; explicitFileType = wrapper.application; includeInIndex = 0; path = FaceList.app; sourceTree = BUILT_PRODUCTS_DIR; };
		8B359F322B7B735000FDB70E /* FaceListApp.swift */ = {isa = PBXFileReference; lastKnownFileType = sourcecode.swift; path = FaceListApp.swift; sourceTree = "<group>"; };
		8B359F342B7B735000FDB70E /* ContentView.swift */ = {isa = PBXFileReference; lastKnownFileType = sourcecode.swift; path = ContentView.swift; sourceTree = "<group>"; };
		8B359F362B7B735100FDB70E /* Assets.xcassets */ = {isa = PBXFileReference; lastKnownFileType = folder.assetcatalog; path = Assets.xcassets; sourceTree = "<group>"; };
		8B359F392B7B735100FDB70E /* Preview Assets.xcassets */ = {isa = PBXFileReference; lastKnownFileType = folder.assetcatalog; path = "Preview Assets.xcassets"; sourceTree = "<group>"; };
		8B359F412B7B73C200FDB70E /* FaceList.swift */ = {isa = PBXFileReference; lastKnownFileType = sourcecode.swift; path = FaceList.swift; sourceTree = "<group>"; };
		8B359F442B7B73F600FDB70E /* Face.swift */ = {isa = PBXFileReference; lastKnownFileType = sourcecode.swift; path = Face.swift; sourceTree = "<group>"; };
		8B70BD652B7BB22400B14C2D /* FaceList.ViewModel.swift */ = {isa = PBXFileReference; lastKnownFileType = sourcecode.swift; path = FaceList.ViewModel.swift; sourceTree = "<group>"; };
		8B70BD682B7BB80700B14C2D /* ListRow.swift */ = {isa = PBXFileReference; lastKnownFileType = sourcecode.swift; path = ListRow.swift; sourceTree = "<group>"; };
		8B70BD6A2B7BB87000B14C2D /* Avatar.swift */ = {isa = PBXFileReference; lastKnownFileType = sourcecode.swift; path = Avatar.swift; sourceTree = "<group>"; };
		8BAB28F72B7D1C750033D7D2 /* FaceDetails.swift */ = {isa = PBXFileReference; lastKnownFileType = sourcecode.swift; path = FaceDetails.swift; sourceTree = "<group>"; };
		8BAB28FC2B7D1E1B0033D7D2 /* AnimatedBackground.swift */ = {isa = PBXFileReference; lastKnownFileType = sourcecode.swift; path = AnimatedBackground.swift; sourceTree = "<group>"; };
		8BAB28FE2B7D1E570033D7D2 /* WithAnimatedBackground.swift */ = {isa = PBXFileReference; lastKnownFileType = sourcecode.swift; path = WithAnimatedBackground.swift; sourceTree = "<group>"; };
		8BAB29012B7D207B0033D7D2 /* withAnimatedBackground.swift */ = {isa = PBXFileReference; lastKnownFileType = sourcecode.swift; path = withAnimatedBackground.swift; sourceTree = "<group>"; };
		8BAB29032B7D2F890033D7D2 /* DetailsRow.swift */ = {isa = PBXFileReference; lastKnownFileType = sourcecode.swift; path = DetailsRow.swift; sourceTree = "<group>"; };
/* End PBXFileReference section */

/* Begin PBXFrameworksBuildPhase section */
		8B359F2C2B7B735000FDB70E /* Frameworks */ = {
			isa = PBXFrameworksBuildPhase;
			buildActionMask = 2147483647;
			files = (
				8BAB28FB2B7D1DAE0033D7D2 /* ColorKit in Frameworks */,
			);
			runOnlyForDeploymentPostprocessing = 0;
		};
/* End PBXFrameworksBuildPhase section */

/* Begin PBXGroup section */
		8B359F262B7B735000FDB70E = {
			isa = PBXGroup;
			children = (
				8B359F312B7B735000FDB70E /* FaceList */,
				8B359F302B7B735000FDB70E /* Products */,
			);
			sourceTree = "<group>";
		};
		8B359F302B7B735000FDB70E /* Products */ = {
			isa = PBXGroup;
			children = (
				8B359F2F2B7B735000FDB70E /* FaceList.app */,
			);
			name = Products;
			sourceTree = "<group>";
		};
		8B359F312B7B735000FDB70E /* FaceList */ = {
			isa = PBXGroup;
			children = (
				8BAB29002B7D1ED90033D7D2 /* extensions */,
				8B70BD672B7BB7F300B14C2D /* components */,
				8B70BD642B7BB1F800B14C2D /* ViewModel */,
				8B359F432B7B73D400FDB70E /* Data */,
				8B359F402B7B736400FDB70E /* View */,
				8B359F322B7B735000FDB70E /* FaceListApp.swift */,
				8B359F342B7B735000FDB70E /* ContentView.swift */,
				8B359F362B7B735100FDB70E /* Assets.xcassets */,
				8B359F382B7B735100FDB70E /* Preview Content */,
			);
			path = FaceList;
			sourceTree = "<group>";
		};
		8B359F382B7B735100FDB70E /* Preview Content */ = {
			isa = PBXGroup;
			children = (
				8B359F392B7B735100FDB70E /* Preview Assets.xcassets */,
			);
			path = "Preview Content";
			sourceTree = "<group>";
		};
		8B359F402B7B736400FDB70E /* View */ = {
			isa = PBXGroup;
			children = (
				8B359F412B7B73C200FDB70E /* FaceList.swift */,
				8BAB28F72B7D1C750033D7D2 /* FaceDetails.swift */,
			);
			path = View;
			sourceTree = "<group>";
		};
		8B359F432B7B73D400FDB70E /* Data */ = {
			isa = PBXGroup;
			children = (
				8B359F442B7B73F600FDB70E /* Face.swift */,
			);
			path = Data;
			sourceTree = "<group>";
		};
		8B70BD642B7BB1F800B14C2D /* ViewModel */ = {
			isa = PBXGroup;
			children = (
				8B70BD652B7BB22400B14C2D /* FaceList.ViewModel.swift */,
			);
			path = ViewModel;
			sourceTree = "<group>";
		};
		8B70BD672B7BB7F300B14C2D /* components */ = {
			isa = PBXGroup;
			children = (
				8B70BD682B7BB80700B14C2D /* ListRow.swift */,
				8B70BD6A2B7BB87000B14C2D /* Avatar.swift */,
				8BAB28FC2B7D1E1B0033D7D2 /* AnimatedBackground.swift */,
				8BAB28FE2B7D1E570033D7D2 /* WithAnimatedBackground.swift */,
				8BAB29032B7D2F890033D7D2 /* DetailsRow.swift */,
			);
			path = components;
			sourceTree = "<group>";
		};
		8BAB29002B7D1ED90033D7D2 /* extensions */ = {
			isa = PBXGroup;
			children = (
				8BAB29012B7D207B0033D7D2 /* withAnimatedBackground.swift */,
			);
			path = extensions;
			sourceTree = "<group>";
		};
/* End PBXGroup section */

/* Begin PBXNativeTarget section */
		8B359F2E2B7B735000FDB70E /* FaceList */ = {
			isa = PBXNativeTarget;
			buildConfigurationList = 8B359F3D2B7B735100FDB70E /* Build configuration list for PBXNativeTarget "FaceList" */;
			buildPhases = (
				8B359F2B2B7B735000FDB70E /* Sources */,
				8B359F2C2B7B735000FDB70E /* Frameworks */,
				8B359F2D2B7B735000FDB70E /* Resources */,
			);
			buildRules = (
			);
			dependencies = (
			);
			name = FaceList;
			packageProductDependencies = (
				8BAB28FA2B7D1DAE0033D7D2 /* ColorKit */,
			);
			productName = FaceList;
			productReference = 8B359F2F2B7B735000FDB70E /* FaceList.app */;
			productType = "com.apple.product-type.application";
		};
/* End PBXNativeTarget section */

/* Begin PBXProject section */
		8B359F272B7B735000FDB70E /* Project object */ = {
			isa = PBXProject;
			attributes = {
				BuildIndependentTargetsInParallel = 1;
				LastSwiftUpdateCheck = 1520;
				LastUpgradeCheck = 1520;
				TargetAttributes = {
					8B359F2E2B7B735000FDB70E = {
						CreatedOnToolsVersion = 15.2;
					};
				};
			};
			buildConfigurationList = 8B359F2A2B7B735000FDB70E /* Build configuration list for PBXProject "FaceList" */;
			compatibilityVersion = "Xcode 14.0";
			developmentRegion = en;
			hasScannedForEncodings = 0;
			knownRegions = (
				en,
				Base,
			);
			mainGroup = 8B359F262B7B735000FDB70E;
			packageReferences = (
				8BAB28F92B7D1DAE0033D7D2 /* XCRemoteSwiftPackageReference "ColorKit" */,
			);
			productRefGroup = 8B359F302B7B735000FDB70E /* Products */;
			projectDirPath = "";
			projectRoot = "";
			targets = (
				8B359F2E2B7B735000FDB70E /* FaceList */,
			);
		};
/* End PBXProject section */

/* Begin PBXResourcesBuildPhase section */
		8B359F2D2B7B735000FDB70E /* Resources */ = {
			isa = PBXResourcesBuildPhase;
			buildActionMask = 2147483647;
			files = (
				8B359F3A2B7B735100FDB70E /* Preview Assets.xcassets in Resources */,
				8B359F372B7B735100FDB70E /* Assets.xcassets in Resources */,
			);
			runOnlyForDeploymentPostprocessing = 0;
		};
/* End PBXResourcesBuildPhase section */

/* Begin PBXSourcesBuildPhase section */
		8B359F2B2B7B735000FDB70E /* Sources */ = {
			isa = PBXSourcesBuildPhase;
			buildActionMask = 2147483647;
			files = (
				8B359F452B7B73F600FDB70E /* Face.swift in Sources */,
				8BAB28FD2B7D1E1B0033D7D2 /* AnimatedBackground.swift in Sources */,
				8BAB29022B7D207B0033D7D2 /* withAnimatedBackground.swift in Sources */,
				8BAB28FF2B7D1E570033D7D2 /* WithAnimatedBackground.swift in Sources */,
				8BAB28F82B7D1C750033D7D2 /* FaceDetails.swift in Sources */,
				8BAB29042B7D2F890033D7D2 /* DetailsRow.swift in Sources */,
				8B359F352B7B735000FDB70E /* ContentView.swift in Sources */,
				8B70BD692B7BB80700B14C2D /* ListRow.swift in Sources */,
				8B359F332B7B735000FDB70E /* FaceListApp.swift in Sources */,
				8B70BD6B2B7BB87000B14C2D /* Avatar.swift in Sources */,
				8B70BD662B7BB22400B14C2D /* FaceList.ViewModel.swift in Sources */,
				8B359F422B7B73C200FDB70E /* FaceList.swift in Sources */,
			);
			runOnlyForDeploymentPostprocessing = 0;
		};
/* End PBXSourcesBuildPhase section */

/* Begin XCBuildConfiguration section */
		8B359F3B2B7B735100FDB70E /* Debug */ = {
			isa = XCBuildConfiguration;
			buildSettings = {
				ALWAYS_SEARCH_USER_PATHS = NO;
				ASSETCATALOG_COMPILER_GENERATE_SWIFT_ASSET_SYMBOL_EXTENSIONS = YES;
				CLANG_ANALYZER_NONNULL = YES;
				CLANG_ANALYZER_NUMBER_OBJECT_CONVERSION = YES_AGGRESSIVE;
				CLANG_CXX_LANGUAGE_STANDARD = "gnu++20";
				CLANG_ENABLE_MODULES = YES;
				CLANG_ENABLE_OBJC_ARC = YES;
				CLANG_ENABLE_OBJC_WEAK = YES;
				CLANG_WARN_BLOCK_CAPTURE_AUTORELEASING = YES;
				CLANG_WARN_BOOL_CONVERSION = YES;
				CLANG_WARN_COMMA = YES;
				CLANG_WARN_CONSTANT_CONVERSION = YES;
				CLANG_WARN_DEPRECATED_OBJC_IMPLEMENTATIONS = YES;
				CLANG_WARN_DIRECT_OBJC_ISA_USAGE = YES_ERROR;
				CLANG_WARN_DOCUMENTATION_COMMENTS = YES;
				CLANG_WARN_EMPTY_BODY = YES;
				CLANG_WARN_ENUM_CONVERSION = YES;
				CLANG_WARN_INFINITE_RECURSION = YES;
				CLANG_WARN_INT_CONVERSION = YES;
				CLANG_WARN_NON_LITERAL_NULL_CONVERSION = YES;
				CLANG_WARN_OBJC_IMPLICIT_RETAIN_SELF = YES;
				CLANG_WARN_OBJC_LITERAL_CONVERSION = YES;
				CLANG_WARN_OBJC_ROOT_CLASS = YES_ERROR;
				CLANG_WARN_QUOTED_INCLUDE_IN_FRAMEWORK_HEADER = YES;
				CLANG_WARN_RANGE_LOOP_ANALYSIS = YES;
				CLANG_WARN_STRICT_PROTOTYPES = YES;
				CLANG_WARN_SUSPICIOUS_MOVE = YES;
				CLANG_WARN_UNGUARDED_AVAILABILITY = YES_AGGRESSIVE;
				CLANG_WARN_UNREACHABLE_CODE = YES;
				CLANG_WARN__DUPLICATE_METHOD_MATCH = YES;
				COPY_PHASE_STRIP = NO;
				DEBUG_INFORMATION_FORMAT = dwarf;
				ENABLE_STRICT_OBJC_MSGSEND = YES;
				ENABLE_TESTABILITY = YES;
				ENABLE_USER_SCRIPT_SANDBOXING = YES;
				GCC_C_LANGUAGE_STANDARD = gnu17;
				GCC_DYNAMIC_NO_PIC = NO;
				GCC_NO_COMMON_BLOCKS = YES;
				GCC_OPTIMIZATION_LEVEL = 0;
				GCC_PREPROCESSOR_DEFINITIONS = (
					"DEBUG=1",
					"$(inherited)",
				);
				GCC_WARN_64_TO_32_BIT_CONVERSION = YES;
				GCC_WARN_ABOUT_RETURN_TYPE = YES_ERROR;
				GCC_WARN_UNDECLARED_SELECTOR = YES;
				GCC_WARN_UNINITIALIZED_AUTOS = YES_AGGRESSIVE;
				GCC_WARN_UNUSED_FUNCTION = YES;
				GCC_WARN_UNUSED_VARIABLE = YES;
				IPHONEOS_DEPLOYMENT_TARGET = 17.2;
				LOCALIZATION_PREFERS_STRING_CATALOGS = YES;
				MTL_ENABLE_DEBUG_INFO = INCLUDE_SOURCE;
				MTL_FAST_MATH = YES;
				ONLY_ACTIVE_ARCH = YES;
				SDKROOT = iphoneos;
				SWIFT_ACTIVE_COMPILATION_CONDITIONS = "DEBUG $(inherited)";
				SWIFT_OPTIMIZATION_LEVEL = "-Onone";
			};
			name = Debug;
		};
		8B359F3C2B7B735100FDB70E /* Release */ = {
			isa = XCBuildConfiguration;
			buildSettings = {
				ALWAYS_SEARCH_USER_PATHS = NO;
				ASSETCATALOG_COMPILER_GENERATE_SWIFT_ASSET_SYMBOL_EXTENSIONS = YES;
				CLANG_ANALYZER_NONNULL = YES;
				CLANG_ANALYZER_NUMBER_OBJECT_CONVERSION = YES_AGGRESSIVE;
				CLANG_CXX_LANGUAGE_STANDARD = "gnu++20";
				CLANG_ENABLE_MODULES = YES;
				CLANG_ENABLE_OBJC_ARC = YES;
				CLANG_ENABLE_OBJC_WEAK = YES;
				CLANG_WARN_BLOCK_CAPTURE_AUTORELEASING = YES;
				CLANG_WARN_BOOL_CONVERSION = YES;
				CLANG_WARN_COMMA = YES;
				CLANG_WARN_CONSTANT_CONVERSION = YES;
				CLANG_WARN_DEPRECATED_OBJC_IMPLEMENTATIONS = YES;
				CLANG_WARN_DIRECT_OBJC_ISA_USAGE = YES_ERROR;
				CLANG_WARN_DOCUMENTATION_COMMENTS = YES;
				CLANG_WARN_EMPTY_BODY = YES;
				CLANG_WARN_ENUM_CONVERSION = YES;
				CLANG_WARN_INFINITE_RECURSION = YES;
				CLANG_WARN_INT_CONVERSION = YES;
				CLANG_WARN_NON_LITERAL_NULL_CONVERSION = YES;
				CLANG_WARN_OBJC_IMPLICIT_RETAIN_SELF = YES;
				CLANG_WARN_OBJC_LITERAL_CONVERSION = YES;
				CLANG_WARN_OBJC_ROOT_CLASS = YES_ERROR;
				CLANG_WARN_QUOTED_INCLUDE_IN_FRAMEWORK_HEADER = YES;
				CLANG_WARN_RANGE_LOOP_ANALYSIS = YES;
				CLANG_WARN_STRICT_PROTOTYPES = YES;
				CLANG_WARN_SUSPICIOUS_MOVE = YES;
				CLANG_WARN_UNGUARDED_AVAILABILITY = YES_AGGRESSIVE;
				CLANG_WARN_UNREACHABLE_CODE = YES;
				CLANG_WARN__DUPLICATE_METHOD_MATCH = YES;
				COPY_PHASE_STRIP = NO;
				DEBUG_INFORMATION_FORMAT = "dwarf-with-dsym";
				ENABLE_NS_ASSERTIONS = NO;
				ENABLE_STRICT_OBJC_MSGSEND = YES;
				ENABLE_USER_SCRIPT_SANDBOXING = YES;
				GCC_C_LANGUAGE_STANDARD = gnu17;
				GCC_NO_COMMON_BLOCKS = YES;
				GCC_WARN_64_TO_32_BIT_CONVERSION = YES;
				GCC_WARN_ABOUT_RETURN_TYPE = YES_ERROR;
				GCC_WARN_UNDECLARED_SELECTOR = YES;
				GCC_WARN_UNINITIALIZED_AUTOS = YES_AGGRESSIVE;
				GCC_WARN_UNUSED_FUNCTION = YES;
				GCC_WARN_UNUSED_VARIABLE = YES;
				IPHONEOS_DEPLOYMENT_TARGET = 17.2;
				LOCALIZATION_PREFERS_STRING_CATALOGS = YES;
				MTL_ENABLE_DEBUG_INFO = NO;
				MTL_FAST_MATH = YES;
				SDKROOT = iphoneos;
				SWIFT_COMPILATION_MODE = wholemodule;
				VALIDATE_PRODUCT = YES;
			};
			name = Release;
		};
		8B359F3E2B7B735100FDB70E /* Debug */ = {
			isa = XCBuildConfiguration;
			buildSettings = {
				ASSETCATALOG_COMPILER_APPICON_NAME = AppIcon;
				ASSETCATALOG_COMPILER_GLOBAL_ACCENT_COLOR_NAME = AccentColor;
				CODE_SIGN_STYLE = Automatic;
				CURRENT_PROJECT_VERSION = 1;
				DEVELOPMENT_ASSET_PATHS = "\"FaceList/Preview Content\"";
				ENABLE_PREVIEWS = YES;
				GENERATE_INFOPLIST_FILE = YES;
				INFOPLIST_KEY_UIApplicationSceneManifest_Generation = YES;
				INFOPLIST_KEY_UIApplicationSupportsIndirectInputEvents = YES;
				INFOPLIST_KEY_UILaunchScreen_Generation = YES;
				INFOPLIST_KEY_UISupportedInterfaceOrientations_iPad = "UIInterfaceOrientationPortrait UIInterfaceOrientationPortraitUpsideDown UIInterfaceOrientationLandscapeLeft UIInterfaceOrientationLandscapeRight";
				INFOPLIST_KEY_UISupportedInterfaceOrientations_iPhone = "UIInterfaceOrientationPortrait UIInterfaceOrientationLandscapeLeft UIInterfaceOrientationLandscapeRight";
				LD_RUNPATH_SEARCH_PATHS = (
					"$(inherited)",
					"@executable_path/Frameworks",
				);
				MARKETING_VERSION = 1.0;
				PRODUCT_BUNDLE_IDENTIFIER = me.gwyn.FaceList;
				PRODUCT_NAME = "$(TARGET_NAME)";
				SWIFT_EMIT_LOC_STRINGS = YES;
				SWIFT_VERSION = 5.0;
				TARGETED_DEVICE_FAMILY = "1,2";
			};
			name = Debug;
		};
		8B359F3F2B7B735100FDB70E /* Release */ = {
			isa = XCBuildConfiguration;
			buildSettings = {
				ASSETCATALOG_COMPILER_APPICON_NAME = AppIcon;
				ASSETCATALOG_COMPILER_GLOBAL_ACCENT_COLOR_NAME = AccentColor;
				CODE_SIGN_STYLE = Automatic;
				CURRENT_PROJECT_VERSION = 1;
				DEVELOPMENT_ASSET_PATHS = "\"FaceList/Preview Content\"";
				ENABLE_PREVIEWS = YES;
				GENERATE_INFOPLIST_FILE = YES;
				INFOPLIST_KEY_UIApplicationSceneManifest_Generation = YES;
				INFOPLIST_KEY_UIApplicationSupportsIndirectInputEvents = YES;
				INFOPLIST_KEY_UILaunchScreen_Generation = YES;
				INFOPLIST_KEY_UISupportedInterfaceOrientations_iPad = "UIInterfaceOrientationPortrait UIInterfaceOrientationPortraitUpsideDown UIInterfaceOrientationLandscapeLeft UIInterfaceOrientationLandscapeRight";
				INFOPLIST_KEY_UISupportedInterfaceOrientations_iPhone = "UIInterfaceOrientationPortrait UIInterfaceOrientationLandscapeLeft UIInterfaceOrientationLandscapeRight";
				LD_RUNPATH_SEARCH_PATHS = (
					"$(inherited)",
					"@executable_path/Frameworks",
				);
				MARKETING_VERSION = 1.0;
				PRODUCT_BUNDLE_IDENTIFIER = me.gwyn.FaceList;
				PRODUCT_NAME = "$(TARGET_NAME)";
				SWIFT_EMIT_LOC_STRINGS = YES;
				SWIFT_VERSION = 5.0;
				TARGETED_DEVICE_FAMILY = "1,2";
			};
			name = Release;
		};
/* End XCBuildConfiguration section */

/* Begin XCConfigurationList section */
		8B359F2A2B7B735000FDB70E /* Build configuration list for PBXProject "FaceList" */ = {
			isa = XCConfigurationList;
			buildConfigurations = (
				8B359F3B2B7B735100FDB70E /* Debug */,
				8B359F3C2B7B735100FDB70E /* Release */,
			);
			defaultConfigurationIsVisible = 0;
			defaultConfigurationName = Release;
		};
		8B359F3D2B7B735100FDB70E /* Build configuration list for PBXNativeTarget "FaceList" */ = {
			isa = XCConfigurationList;
			buildConfigurations = (
				8B359F3E2B7B735100FDB70E /* Debug */,
				8B359F3F2B7B735100FDB70E /* Release */,
			);
			defaultConfigurationIsVisible = 0;
			defaultConfigurationName = Release;
		};
/* End XCConfigurationList section */

/* Begin XCRemoteSwiftPackageReference section */
		8BAB28F92B7D1DAE0033D7D2 /* XCRemoteSwiftPackageReference "ColorKit" */ = {
			isa = XCRemoteSwiftPackageReference;
			repositoryURL = "https://github.com/Boris-Em/ColorKit";
			requirement = {
				branch = master;
				kind = branch;
			};
		};
/* End XCRemoteSwiftPackageReference section */

/* Begin XCSwiftPackageProductDependency section */
		8BAB28FA2B7D1DAE0033D7D2 /* ColorKit */ = {
			isa = XCSwiftPackageProductDependency;
			package = 8BAB28F92B7D1DAE0033D7D2 /* XCRemoteSwiftPackageReference "ColorKit" */;
			productName = ColorKit;
		};
/* End XCSwiftPackageProductDependency section */
	};
	rootObject = 8B359F272B7B735000FDB70E /* Project object */;
}
